<Solution>
  <Folder Name="/Solution Items/">
    <File Path="Constitution.md" />
  </Folder>
  <Project Path="GLTranslate.Abstractions/GLTranslate.Abstractions.csproj" Id="8ef45718-5278-42d6-aafa-b2f19bff1170" />
  <Project Path="GLTranslate.Domain/GLTranslate.Domain.csproj" Id="908253e2-7d5d-4e92-bd07-3446e17da2a0" />
  <Project Path="tools/GLTranslate.Domain.Generator/GLTranslate.Domain.Generator.csproj" />
</Solution>
